<Solution>
  <Project Path="src/KevinZonda.AgentUsageMonitor/KevinZonda.AgentUsageMonitor.csproj" />
  <Project Path="src/KevinZonda.Terminal.Core/KevinZonda.Terminal.Core.csproj" />
  <Project Path="src/KevinZonda.Terminal.RecentWorkspaces/KevinZonda.Terminal.RecentWorkspaces.csproj" />
  <Project Path="src/KevinZonda.Terminal.Server.Dashboard/KevinZonda.Terminal.Server.Dashboard.csproj" />
  <Project Path="src/KevinZonda.Terminal.WebAssets/KevinZonda.Terminal.WebAssets.csproj" />
  <Project Path="src/KevinZonda.Terminal.Server/KevinZonda.Terminal.Server.csproj" />
  <Project Path="src/KevinZonda.Terminal.Server.Launcher/KevinZonda.Terminal.Server.Launcher.csproj" />
  <Project Path="src/KevinZonda.Terminal.Server.Login/KevinZonda.Terminal.Server.Login.csproj" />
  <Project Path="src/KevinZonda.Terminal.Server.UserAuth/KevinZonda.Terminal.Server.UserAuth.csproj" />
  <Project Path="src/KevinZonda.Terminal/KevinZonda.Terminal.csproj" />
  <Project Path="tests/KevinZonda.AgentUsageMonitor.Tests/KevinZonda.AgentUsageMonitor.Tests.csproj" />
  <Project Path="tests/KevinZonda.Terminal.Server.Launcher.Tests/KevinZonda.Terminal.Server.Launcher.Tests.csproj" />
  <Project Path="tests/KevinZonda.Terminal.Server.UserAuth.Tests/KevinZonda.Terminal.Server.UserAuth.Tests.csproj" />
</Solution>
