<Solution>
  <Project Path="src/KevinZonda.AgentUsageMonitor/KevinZonda.AgentUsageMonitor.csproj" />
  <Project Path="src/KevinZonda.Terminal.Core/KevinZonda.Terminal.Core.csproj" />
  <Project Path="src/KevinZonda.Terminal.WebAssets/KevinZonda.Terminal.WebAssets.csproj" />
  <Project Path="src/KevinZonda.Terminal.Server/KevinZonda.Terminal.Server.csproj" />
  <Project Path="src/KevinZonda.Terminal.Server.UserAuth/KevinZonda.Terminal.Server.UserAuth.csproj" />
  <Project Path="src/KevinZonda.Terminal/KevinZonda.Terminal.csproj" />
  <Project Path="tests/KevinZonda.AgentUsageMonitor.Tests/KevinZonda.AgentUsageMonitor.Tests.csproj" />
  <Project Path="tests/KevinZonda.Terminal.Server.UserAuth.Tests/KevinZonda.Terminal.Server.UserAuth.Tests.csproj" />
</Solution>
